
Microsoft Visual Studio Solution File, Format Version 12.00
# Visual Studio Version 16
VisualStudioVersion = 16.0.32510.428
MinimumVisualStudioVersion = 10.0.40219.1
Project("{FAE04EC0-301F-11D3-BF4B-00C04F79EFBC}") = "MyShop.Core", "MyShop.Core\MyShop.Core.csproj", "{FAE058D7-DF21-45D2-B8DA-818988CAA38F}"
EndProject
Project("{FAE04EC0-301F-11D3-BF4B-00C04F79EFBC}") = "MyShop.Services", "MyShop.Services\MyShop.Services.csproj", "{400B4063-E7D9-4BBC-818A-78139CC4FFFE}"
EndProject
Project("{FAE04EC0-301F-11D3-BF4B-00C04F79EFBC}") = "MyShop.DataAcess.SQL", "MyShop.DataAcess.SQL\MyShop.DataAcess.SQL.csproj", "{E4A6E393-F824-4F7D-BA70-908B09B375B9}"
EndProject
Project("{FAE04EC0-301F-11D3-BF4B-00C04F79EFBC}") = "MyShop.DataAcess.InMemory", "MyShop.DataAcess.InMemory\MyShop.DataAcess.InMemory.csproj", "{208F5BB5-825A-4256-B8F4-1DA1FF56C269}"
EndProject
Project("{FAE04EC0-301F-11D3-BF4B-00C04F79EFBC}") = "MyShop.WebUI", "MyShop.WebUI\MyShop.WebUI.csproj", "{F8A3FE0B-5CB0-4788-BA6E-36C9A094909C}"
EndProject
Project("{FAE04EC0-301F-11D3-BF4B-00C04F79EFBC}") = "MyShop.WebUI.Tests", "MyShop.WebUI.Tests\MyShop.WebUI.Tests.csproj", "{3F35CC00-804E-4C01-B2B8-E143F5A02E0D}"
EndProject
Global
	GlobalSection(SolutionConfigurationPlatforms) = preSolution
		Debug|Any CPU = Debug|Any CPU
		Release|Any CPU = Release|Any CPU
	EndGlobalSection
	GlobalSection(ProjectConfigurationPlatforms) = postSolution
		{FAE058D7-DF21-45D2-B8DA-818988CAA38F}.Debug|Any CPU.ActiveCfg = Debug|Any CPU
		{FAE058D7-DF21-45D2-B8DA-818988CAA38F}.Debug|Any CPU.Build.0 = Debug|Any CPU
		{FAE058D7-DF21-45D2-B8DA-818988CAA38F}.Release|Any CPU.ActiveCfg = Release|Any CPU
		{FAE058D7-DF21-45D2-B8DA-818988CAA38F}.Release|Any CPU.Build.0 = Release|Any CPU
		{400B4063-E7D9-4BBC-818A-78139CC4FFFE}.Debug|Any CPU.ActiveCfg = Debug|Any CPU
		{400B4063-E7D9-4BBC-818A-78139CC4FFFE}.Debug|Any CPU.Build.0 = Debug|Any CPU
		{400B4063-E7D9-4BBC-818A-78139CC4FFFE}.Release|Any CPU.ActiveCfg = Release|Any CPU
		{400B4063-E7D9-4BBC-818A-78139CC4FFFE}.Release|Any CPU.Build.0 = Release|Any CPU
		{E4A6E393-F824-4F7D-BA70-908B09B375B9}.Debug|Any CPU.ActiveCfg = Debug|Any CPU
		{E4A6E393-F824-4F7D-BA70-908B09B375B9}.Debug|Any CPU.Build.0 = Debug|Any CPU
		{E4A6E393-F824-4F7D-BA70-908B09B375B9}.Release|Any CPU.ActiveCfg = Release|Any CPU
		{E4A6E393-F824-4F7D-BA70-908B09B375B9}.Release|Any CPU.Build.0 = Release|Any CPU
		{208F5BB5-825A-4256-B8F4-1DA1FF56C269}.Debug|Any CPU.ActiveCfg = Debug|Any CPU
		{208F5BB5-825A-4256-B8F4-1DA1FF56C269}.Debug|Any CPU.Build.0 = Debug|Any CPU
		{208F5BB5-825A-4256-B8F4-1DA1FF56C269}.Release|Any CPU.ActiveCfg = Release|Any CPU
		{208F5BB5-825A-4256-B8F4-1DA1FF56C269}.Release|Any CPU.Build.0 = Release|Any CPU
		{F8A3FE0B-5CB0-4788-BA6E-36C9A094909C}.Debug|Any CPU.ActiveCfg = Debug|Any CPU
		{F8A3FE0B-5CB0-4788-BA6E-36C9A094909C}.Debug|Any CPU.Build.0 = Debug|Any CPU
		{F8A3FE0B-5CB0-4788-BA6E-36C9A094909C}.Release|Any CPU.ActiveCfg = Release|Any CPU
		{F8A3FE0B-5CB0-4788-BA6E-36C9A094909C}.Release|Any CPU.Build.0 = Release|Any CPU
		{3F35CC00-804E-4C01-B2B8-E143F5A02E0D}.Debug|Any CPU.ActiveCfg = Debug|Any CPU
		{3F35CC00-804E-4C01-B2B8-E143F5A02E0D}.Debug|Any CPU.Build.0 = Debug|Any CPU
		{3F35CC00-804E-4C01-B2B8-E143F5A02E0D}.Release|Any CPU.ActiveCfg = Release|Any CPU
		{3F35CC00-804E-4C01-B2B8-E143F5A02E0D}.Release|Any CPU.Build.0 = Release|Any CPU
	EndGlobalSection
	GlobalSection(SolutionProperties) = preSolution
		HideSolutionNode = FALSE
	EndGlobalSection
	GlobalSection(ExtensibilityGlobals) = postSolution
		SolutionGuid = {6CB580F4-CBA8-484B-8268-C999934890D2}
	EndGlobalSection
EndGlobal
